// !$*UTF8*$!
{
	archiveVersion = 1;
	classes = {
	};
	objectVersion = 46;
	objects = {

/* Begin PBXBuildFile section */
		18455ADB1AE0E71B00381947 /* main.m in Sources */ = {isa = PBXBuildFile; fileRef = 18455ADA1AE0E71B00381947 /* main.m */; };
		18BFCBF61AE1204E008A4247 /* CNNumberParser.m in Sources */ = {isa = PBXBuildFile; fileRef = 18BFCBEE1AE1204E008A4247 /* CNNumberParser.m */; };
		18BFCBF71AE1204E008A4247 /* NSArray+Helper.m in Sources */ = {isa = PBXBuildFile; fileRef = 18BFCBF11AE1204E008A4247 /* NSArray+Helper.m */; };
		18BFCBF81AE1204E008A4247 /* NSMutableArray+Helper.m in Sources */ = {isa = PBXBuildFile; fileRef = 18BFCBF31AE1204E008A4247 /* NSMutableArray+Helper.m */; };
		18BFCBF91AE1204E008A4247 /* NSString+Helper.m in Sources */ = {isa = PBXBuildFile; fileRef = 18BFCBF51AE1204E008A4247 /* NSString+Helper.m */; };
/* End PBXBuildFile section */

/* Begin PBXCopyFilesBuildPhase section */
		18455AD51AE0E71B00381947 /* CopyFiles */ = {
			isa = PBXCopyFilesBuildPhase;
			buildActionMask = 2147483647;
			dstPath = /usr/share/man/man1/;
			dstSubfolderSpec = 0;
			files = (
			);
			runOnlyForDeploymentPostprocessing = 1;
		};
/* End PBXCopyFilesBuildPhase section */

/* Begin PBXFileReference section */
		18455AD71AE0E71B00381947 /* CNNumber */ = {isa = PBXFileReference; explicitFileType = "compiled.mach-o.executable"; includeInIndex = 0; path = CNNumber; sourceTree = BUILT_PRODUCTS_DIR; };
		18455ADA1AE0E71B00381947 /* main.m */ = {isa = PBXFileReference; lastKnownFileType = sourcecode.c.objc; path = main.m; sourceTree = "<group>"; };
		18BFCBEC1AE1204E008A4247 /* CNNumberHelper.h */ = {isa = PBXFileReference; fileEncoding = 4; lastKnownFileType = sourcecode.c.h; path = CNNumberHelper.h; sourceTree = "<group>"; };
		18BFCBED1AE1204E008A4247 /* CNNumberParser.h */ = {isa = PBXFileReference; fileEncoding = 4; lastKnownFileType = sourcecode.c.h; path = CNNumberParser.h; sourceTree = "<group>"; };
		18BFCBEE1AE1204E008A4247 /* CNNumberParser.m */ = {isa = PBXFileReference; fileEncoding = 4; lastKnownFileType = sourcecode.c.objc; path = CNNumberParser.m; sourceTree = "<group>"; };
		18BFCBF01AE1204E008A4247 /* NSArray+Helper.h */ = {isa = PBXFileReference; fileEncoding = 4; lastKnownFileType = sourcecode.c.h; path = "NSArray+Helper.h"; sourceTree = "<group>"; };
		18BFCBF11AE1204E008A4247 /* NSArray+Helper.m */ = {isa = PBXFileReference; fileEncoding = 4; lastKnownFileType = sourcecode.c.objc; path = "NSArray+Helper.m"; sourceTree = "<group>"; };
		18BFCBF21AE1204E008A4247 /* NSMutableArray+Helper.h */ = {isa = PBXFileReference; fileEncoding = 4; lastKnownFileType = sourcecode.c.h; path = "NSMutableArray+Helper.h"; sourceTree = "<group>"; };
		18BFCBF31AE1204E008A4247 /* NSMutableArray+Helper.m */ = {isa = PBXFileReference; fileEncoding = 4; lastKnownFileType = sourcecode.c.objc; path = "NSMutableArray+Helper.m"; sourceTree = "<group>"; };
		18BFCBF41AE1204E008A4247 /* NSString+Helper.h */ = {isa = PBXFileReference; fileEncoding = 4; lastKnownFileType = sourcecode.c.h; path = "NSString+Helper.h"; sourceTree = "<group>"; };
		18BFCBF51AE1204E008A4247 /* NSString+Helper.m */ = {isa = PBXFileReference; fileEncoding = 4; lastKnownFileType = sourcecode.c.objc; path = "NSString+Helper.m"; sourceTree = "<group>"; };
/* End PBXFileReference section */

/* Begin PBXFrameworksBuildPhase section */
		18455AD41AE0E71B00381947 /* Frameworks */ = {
			isa = PBXFrameworksBuildPhase;
			buildActionMask = 2147483647;
			files = (
			);
			runOnlyForDeploymentPostprocessing = 0;
		};
/* End PBXFrameworksBuildPhase section */

/* Begin PBXGroup section */
		18455ACE1AE0E71B00381947 = {
			isa = PBXGroup;
			children = (
				18455AD91AE0E71B00381947 /* CNNumber */,
				18455AD81AE0E71B00381947 /* Products */,
			);
			sourceTree = "<group>";
		};
		18455AD81AE0E71B00381947 /* Products */ = {
			isa = PBXGroup;
			children = (
				18455AD71AE0E71B00381947 /* CNNumber */,
			);
			name = Products;
			sourceTree = "<group>";
		};
		18455AD91AE0E71B00381947 /* CNNumber */ = {
			isa = PBXGroup;
			children = (
				18BFCBEB1AE1204E008A4247 /* Pod */,
				18455ADA1AE0E71B00381947 /* main.m */,
			);
			path = CNNumber;
			sourceTree = "<group>";
		};
		18BFCBEB1AE1204E008A4247 /* Pod */ = {
			isa = PBXGroup;
			children = (
				18BFCBEC1AE1204E008A4247 /* CNNumberHelper.h */,
				18BFCBED1AE1204E008A4247 /* CNNumberParser.h */,
				18BFCBEE1AE1204E008A4247 /* CNNumberParser.m */,
				18BFCBEF1AE1204E008A4247 /* Helper */,
			);
			path = Pod;
			sourceTree = SOURCE_ROOT;
		};
		18BFCBEF1AE1204E008A4247 /* Helper */ = {
			isa = PBXGroup;
			children = (
				18BFCBF01AE1204E008A4247 /* NSArray+Helper.h */,
				18BFCBF11AE1204E008A4247 /* NSArray+Helper.m */,
				18BFCBF21AE1204E008A4247 /* NSMutableArray+Helper.h */,
				18BFCBF31AE1204E008A4247 /* NSMutableArray+Helper.m */,
				18BFCBF41AE1204E008A4247 /* NSString+Helper.h */,
				18BFCBF51AE1204E008A4247 /* NSString+Helper.m */,
			);
			path = Helper;
			sourceTree = "<group>";
		};
/* End PBXGroup section */

/* Begin PBXNativeTarget section */
		18455AD61AE0E71B00381947 /* CNNumber */ = {
			isa = PBXNativeTarget;
			buildConfigurationList = 18455ADE1AE0E71C00381947 /* Build configuration list for PBXNativeTarget "CNNumber" */;
			buildPhases = (
				18455AD31AE0E71B00381947 /* Sources */,
				18455AD41AE0E71B00381947 /* Frameworks */,
				18455AD51AE0E71B00381947 /* CopyFiles */,
			);
			buildRules = (
			);
			dependencies = (
			);
			name = CNNumber;
			productName = CNNumber;
			productReference = 18455AD71AE0E71B00381947 /* CNNumber */;
			productType = "com.apple.product-type.tool";
		};
/* End PBXNativeTarget section */

/* Begin PBXProject section */
		18455ACF1AE0E71B00381947 /* Project object */ = {
			isa = PBXProject;
			attributes = {
				LastUpgradeCheck = 0630;
				ORGANIZATIONNAME = DeltaX;
				TargetAttributes = {
					18455AD61AE0E71B00381947 = {
						CreatedOnToolsVersion = 6.3;
					};
				};
			};
			buildConfigurationList = 18455AD21AE0E71B00381947 /* Build configuration list for PBXProject "CNNumber" */;
			compatibilityVersion = "Xcode 3.2";
			developmentRegion = English;
			hasScannedForEncodings = 0;
			knownRegions = (
				en,
			);
			mainGroup = 18455ACE1AE0E71B00381947;
			productRefGroup = 18455AD81AE0E71B00381947 /* Products */;
			projectDirPath = "";
			projectRoot = "";
			targets = (
				18455AD61AE0E71B00381947 /* CNNumber */,
			);
		};
/* End PBXProject section */

/* Begin PBXSourcesBuildPhase section */
		18455AD31AE0E71B00381947 /* Sources */ = {
			isa = PBXSourcesBuildPhase;
			buildActionMask = 2147483647;
			files = (
				18BFCBF91AE1204E008A4247 /* NSString+Helper.m in Sources */,
				18BFCBF61AE1204E008A4247 /* CNNumberParser.m in Sources */,
				18455ADB1AE0E71B00381947 /* main.m in Sources */,
				18BFCBF71AE1204E008A4247 /* NSArray+Helper.m in Sources */,
				18BFCBF81AE1204E008A4247 /* NSMutableArray+Helper.m in Sources */,
			);
			runOnlyForDeploymentPostprocessing = 0;
		};
/* End PBXSourcesBuildPhase section */

/* Begin XCBuildConfiguration section */
		18455ADC1AE0E71B00381947 /* Debug */ = {
			isa = XCBuildConfiguration;
			buildSettings = {
				ALWAYS_SEARCH_USER_PATHS = NO;
				CLANG_CXX_LANGUAGE_STANDARD = "gnu++0x";
				CLANG_CXX_LIBRARY = "libc++";
				CLANG_ENABLE_MODULES = YES;
				CLANG_ENABLE_OBJC_ARC = YES;
				CLANG_WARN_BOOL_CONVERSION = YES;
				CLANG_WARN_CONSTANT_CONVERSION = YES;
				CLANG_WARN_DIRECT_OBJC_ISA_USAGE = YES_ERROR;
				CLANG_WARN_EMPTY_BODY = YES;
				CLANG_WARN_ENUM_CONVERSION = YES;
				CLANG_WARN_INT_CONVERSION = YES;
				CLANG_WARN_OBJC_ROOT_CLASS = YES_ERROR;
				CLANG_WARN_UNREACHABLE_CODE = YES;
				CLANG_WARN__DUPLICATE_METHOD_MATCH = YES;
				COPY_PHASE_STRIP = NO;
				DEBUG_INFORMATION_FORMAT = dwarf;
				ENABLE_STRICT_OBJC_MSGSEND = YES;
				GCC_C_LANGUAGE_STANDARD = gnu99;
				GCC_DYNAMIC_NO_PIC = NO;
				GCC_NO_COMMON_BLOCKS = YES;
				GCC_OPTIMIZATION_LEVEL = 0;
				GCC_PREPROCESSOR_DEFINITIONS = (
					"DEBUG=1",
					"$(inherited)",
				);
				GCC_SYMBOLS_PRIVATE_EXTERN = NO;
				GCC_WARN_64_TO_32_BIT_CONVERSION = YES;
				GCC_WARN_ABOUT_RETURN_TYPE = YES_ERROR;
				GCC_WARN_UNDECLARED_SELECTOR = YES;
				GCC_WARN_UNINITIALIZED_AUTOS = YES_AGGRESSIVE;
				GCC_WARN_UNUSED_FUNCTION = YES;
				GCC_WARN_UNUSED_VARIABLE = YES;
				MACOSX_DEPLOYMENT_TARGET = 10.10;
				MTL_ENABLE_DEBUG_INFO = YES;
				ONLY_ACTIVE_ARCH = YES;
				SDKROOT = macosx;
			};
			name = Debug;
		};
		18455ADD1AE0E71B00381947 /* Release */ = {
			isa = XCBuildConfiguration;
			buildSettings = {
				ALWAYS_SEARCH_USER_PATHS = NO;
				CLANG_CXX_LANGUAGE_STANDARD = "gnu++0x";
				CLANG_CXX_LIBRARY = "libc++";
				CLANG_ENABLE_MODULES = YES;
				CLANG_ENABLE_OBJC_ARC = YES;
				CLANG_WARN_BOOL_CONVERSION = YES;
				CLANG_WARN_CONSTANT_CONVERSION = YES;
				CLANG_WARN_DIRECT_OBJC_ISA_USAGE = YES_ERROR;
				CLANG_WARN_EMPTY_BODY = YES;
				CLANG_WARN_ENUM_CONVERSION = YES;
				CLANG_WARN_INT_CONVERSION = YES;
				CLANG_WARN_OBJC_ROOT_CLASS = YES_ERROR;
				CLANG_WARN_UNREACHABLE_CODE = YES;
				CLANG_WARN__DUPLICATE_METHOD_MATCH = YES;
				COPY_PHASE_STRIP = NO;
				DEBUG_INFORMATION_FORMAT = "dwarf-with-dsym";
				ENABLE_NS_ASSERTIONS = NO;
				ENABLE_STRICT_OBJC_MSGSEND = YES;
				GCC_C_LANGUAGE_STANDARD = gnu99;
				GCC_NO_COMMON_BLOCKS = YES;
				GCC_WARN_64_TO_32_BIT_CONVERSION = YES;
				GCC_WARN_ABOUT_RETURN_TYPE = YES_ERROR;
				GCC_WARN_UNDECLARED_SELECTOR = YES;
				GCC_WARN_UNINITIALIZED_AUTOS = YES_AGGRESSIVE;
				GCC_WARN_UNUSED_FUNCTION = YES;
				GCC_WARN_UNUSED_VARIABLE = YES;
				MACOSX_DEPLOYMENT_TARGET = 10.10;
				MTL_ENABLE_DEBUG_INFO = NO;
				SDKROOT = macosx;
			};
			name = Release;
		};
		18455ADF1AE0E71C00381947 /* Debug */ = {
			isa = XCBuildConfiguration;
			buildSettings = {
				PRODUCT_NAME = "$(TARGET_NAME)";
			};
			name = Debug;
		};
		18455AE01AE0E71C00381947 /* Release */ = {
			isa = XCBuildConfiguration;
			buildSettings = {
				PRODUCT_NAME = "$(TARGET_NAME)";
			};
			name = Release;
		};
/* End XCBuildConfiguration section */

/* Begin XCConfigurationList section */
		18455AD21AE0E71B00381947 /* Build configuration list for PBXProject "CNNumber" */ = {
			isa = XCConfigurationList;
			buildConfigurations = (
				18455ADC1AE0E71B00381947 /* Debug */,
				18455ADD1AE0E71B00381947 /* Release */,
			);
			defaultConfigurationIsVisible = 0;
			defaultConfigurationName = Release;
		};
		18455ADE1AE0E71C00381947 /* Build configuration list for PBXNativeTarget "CNNumber" */ = {
			isa = XCConfigurationList;
			buildConfigurations = (
				18455ADF1AE0E71C00381947 /* Debug */,
				18455AE01AE0E71C00381947 /* Release */,
			);
			defaultConfigurationIsVisible = 0;
			defaultConfigurationName = Release;
		};
/* End XCConfigurationList section */
	};
	rootObject = 18455ACF1AE0E71B00381947 /* Project object */;
}
